
Microsoft Visual Studio Solution File, Format Version 12.00
# Visual Studio Version 17
VisualStudioVersion = 17.8.34511.84
MinimumVisualStudioVersion = 10.0.40219.1
Project("{FAE04EC0-301F-11D3-BF4B-00C04F79EFBC}") = "game", "game.csproj", "{C36C8FDC-2F30-436B-9CD2-852BC9A9906A}"
EndProject
Global
	GlobalSection(SolutionConfigurationPlatforms) = preSolution
		Debug|Any CPU = Debug|Any CPU
		Release|Any CPU = Release|Any CPU
	EndGlobalSection
	GlobalSection(ProjectConfigurationPlatforms) = postSolution
		{C36C8FDC-2F30-436B-9CD2-852BC9A9906A}.Debug|Any CPU.ActiveCfg = Debug|Any CPU
		{C36C8FDC-2F30-436B-9CD2-852BC9A9906A}.Debug|Any CPU.Build.0 = Debug|Any CPU
		{C36C8FDC-2F30-436B-9CD2-852BC9A9906A}.Release|Any CPU.ActiveCfg = Release|Any CPU
		{C36C8FDC-2F30-436B-9CD2-852BC9A9906A}.Release|Any CPU.Build.0 = Release|Any CPU
	EndGlobalSection
	GlobalSection(SolutionProperties) = preSolution
		HideSolutionNode = FALSE
	EndGlobalSection
	GlobalSection(ExtensibilityGlobals) = postSolution
		SolutionGuid = {6F11DA4A-917F-4EE0-8C4E-FEA70DDF6369}
	EndGlobalSection
EndGlobal
